
Microsoft Visual Studio Solution File, Format Version 12.00
# Visual Studio Version 17
VisualStudioVersion = 17.7.34221.43
MinimumVisualStudioVersion = 10.0.40219.1
Project("{FAE04EC0-301F-11D3-BF4B-00C04F79EFBC}") = "Phase1EndProject2", "Phase1EndProject2.csproj", "{931A8368-BA60-480A-8ECD-C0751A14188F}"
EndProject
Global
	GlobalSection(SolutionConfigurationPlatforms) = preSolution
		Debug|Any CPU = Debug|Any CPU
		Release|Any CPU = Release|Any CPU
	EndGlobalSection
	GlobalSection(ProjectConfigurationPlatforms) = postSolution
		{931A8368-BA60-480A-8ECD-C0751A14188F}.Debug|Any CPU.ActiveCfg = Debug|Any CPU
		{931A8368-BA60-480A-8ECD-C0751A14188F}.Debug|Any CPU.Build.0 = Debug|Any CPU
		{931A8368-BA60-480A-8ECD-C0751A14188F}.Release|Any CPU.ActiveCfg = Release|Any CPU
		{931A8368-BA60-480A-8ECD-C0751A14188F}.Release|Any CPU.Build.0 = Release|Any CPU
	EndGlobalSection
	GlobalSection(SolutionProperties) = preSolution
		HideSolutionNode = FALSE
	EndGlobalSection
	GlobalSection(ExtensibilityGlobals) = postSolution
		SolutionGuid = {54791B42-2B15-41A4-9AA1-BD943241678E}
	EndGlobalSection
EndGlobal
